// !$*UTF8*$!
{
	archiveVersion = 1;
	classes = {
	};
	objectVersion = 46;
	objects = {

/* Begin PBXBuildFile section */
		18120E101F282D2900DB28C4 /* AppDelegate.m in Sources */ = {isa = PBXBuildFile; fileRef = 18120E0F1F282D2900DB28C4 /* AppDelegate.m */; };
		18120E131F282D2900DB28C4 /* main.m in Sources */ = {isa = PBXBuildFile; fileRef = 18120E121F282D2900DB28C4 /* main.m */; };
		18120E161F282D2900DB28C4 /* ViewController.m in Sources */ = {isa = PBXBuildFile; fileRef = 18120E151F282D2900DB28C4 /* ViewController.m */; };
		18120E181F282D2900DB28C4 /* Assets.xcassets in Resources */ = {isa = PBXBuildFile; fileRef = 18120E171F282D2900DB28C4 /* Assets.xcassets */; };
		18120E1B1F282D2900DB28C4 /* Main.storyboard in Resources */ = {isa = PBXBuildFile; fileRef = 18120E191F282D2900DB28C4 /* Main.storyboard */; };
		18120E2C1F28490300DB28C4 /* CoreLocation.framework in Frameworks */ = {isa = PBXBuildFile; fileRef = 18120E2B1F28490300DB28C4 /* CoreLocation.framework */; };
		18120E871F2877A400DB28C4 /* LocationInterface.m in Sources */ = {isa = PBXBuildFile; fileRef = 18120E861F2877A400DB28C4 /* LocationInterface.m */; };
/* End PBXBuildFile section */

/* Begin PBXFileReference section */
		18120E0B1F282D2900DB28C4 /* CLLocation_Demo.app */ = {isa = PBXFileReference; explicitFileType = wrapper.application; includeInIndex = 0; path = CLLocation_Demo.app; sourceTree = BUILT_PRODUCTS_DIR; };
		18120E0E1F282D2900DB28C4 /* AppDelegate.h */ = {isa = PBXFileReference; lastKnownFileType = sourcecode.c.h; path = AppDelegate.h; sourceTree = "<group>"; };
		18120E0F1F282D2900DB28C4 /* AppDelegate.m */ = {isa = PBXFileReference; lastKnownFileType = sourcecode.c.objc; path = AppDelegate.m; sourceTree = "<group>"; };
		18120E121F282D2900DB28C4 /* main.m */ = {isa = PBXFileReference; lastKnownFileType = sourcecode.c.objc; path = main.m; sourceTree = "<group>"; };
		18120E141F282D2900DB28C4 /* ViewController.h */ = {isa = PBXFileReference; lastKnownFileType = sourcecode.c.h; path = ViewController.h; sourceTree = "<group>"; };
		18120E151F282D2900DB28C4 /* ViewController.m */ = {isa = PBXFileReference; lastKnownFileType = sourcecode.c.objc; path = ViewController.m; sourceTree = "<group>"; };
		18120E171F282D2900DB28C4 /* Assets.xcassets */ = {isa = PBXFileReference; lastKnownFileType = folder.assetcatalog; path = Assets.xcassets; sourceTree = "<group>"; };
		18120E1A1F282D2900DB28C4 /* Base */ = {isa = PBXFileReference; lastKnownFileType = file.storyboard; name = Base; path = Base.lproj/Main.storyboard; sourceTree = "<group>"; };
		18120E1C1F282D2900DB28C4 /* Info.plist */ = {isa = PBXFileReference; lastKnownFileType = text.plist.xml; path = Info.plist; sourceTree = "<group>"; };
		18120E2B1F28490300DB28C4 /* CoreLocation.framework */ = {isa = PBXFileReference; lastKnownFileType = wrapper.framework; name = CoreLocation.framework; path = System/Library/Frameworks/CoreLocation.framework; sourceTree = SDKROOT; };
		18120E321F28636D00DB28C4 /* CLLocation_Demo.entitlements */ = {isa = PBXFileReference; lastKnownFileType = text.plist.entitlements; path = CLLocation_Demo.entitlements; sourceTree = "<group>"; };
		18120E851F2877A400DB28C4 /* LocationInterface.h */ = {isa = PBXFileReference; fileEncoding = 4; lastKnownFileType = sourcecode.c.h; path = LocationInterface.h; sourceTree = "<group>"; };
		18120E861F2877A400DB28C4 /* LocationInterface.m */ = {isa = PBXFileReference; fileEncoding = 4; lastKnownFileType = sourcecode.c.objc; path = LocationInterface.m; sourceTree = "<group>"; };
/* End PBXFileReference section */

/* Begin PBXFrameworksBuildPhase section */
		18120E081F282D2900DB28C4 /* Frameworks */ = {
			isa = PBXFrameworksBuildPhase;
			buildActionMask = 2147483647;
			files = (
				18120E2C1F28490300DB28C4 /* CoreLocation.framework in Frameworks */,
			);
			runOnlyForDeploymentPostprocessing = 0;
		};
/* End PBXFrameworksBuildPhase section */

/* Begin PBXGroup section */
		18120E021F282D2900DB28C4 = {
			isa = PBXGroup;
			children = (
				18120E0D1F282D2900DB28C4 /* CLLocation_Demo */,
				18120E0C1F282D2900DB28C4 /* Products */,
				18120E2A1F28490300DB28C4 /* Frameworks */,
			);
			sourceTree = "<group>";
		};
		18120E0C1F282D2900DB28C4 /* Products */ = {
			isa = PBXGroup;
			children = (
				18120E0B1F282D2900DB28C4 /* CLLocation_Demo.app */,
			);
			name = Products;
			sourceTree = "<group>";
		};
		18120E0D1F282D2900DB28C4 /* CLLocation_Demo */ = {
			isa = PBXGroup;
			children = (
				18120E321F28636D00DB28C4 /* CLLocation_Demo.entitlements */,
				18120E0E1F282D2900DB28C4 /* AppDelegate.h */,
				18120E0F1F282D2900DB28C4 /* AppDelegate.m */,
				18120E141F282D2900DB28C4 /* ViewController.h */,
				18120E151F282D2900DB28C4 /* ViewController.m */,
				18120E851F2877A400DB28C4 /* LocationInterface.h */,
				18120E861F2877A400DB28C4 /* LocationInterface.m */,
				18120E171F282D2900DB28C4 /* Assets.xcassets */,
				18120E191F282D2900DB28C4 /* Main.storyboard */,
				18120E1C1F282D2900DB28C4 /* Info.plist */,
				18120E111F282D2900DB28C4 /* Supporting Files */,
			);
			path = CLLocation_Demo;
			sourceTree = "<group>";
		};
		18120E111F282D2900DB28C4 /* Supporting Files */ = {
			isa = PBXGroup;
			children = (
				18120E121F282D2900DB28C4 /* main.m */,
			);
			name = "Supporting Files";
			sourceTree = "<group>";
		};
		18120E2A1F28490300DB28C4 /* Frameworks */ = {
			isa = PBXGroup;
			children = (
				18120E2B1F28490300DB28C4 /* CoreLocation.framework */,
			);
			name = Frameworks;
			sourceTree = "<group>";
		};
/* End PBXGroup section */

/* Begin PBXNativeTarget section */
		18120E0A1F282D2900DB28C4 /* CLLocation_Demo */ = {
			isa = PBXNativeTarget;
			buildConfigurationList = 18120E1F1F282D2900DB28C4 /* Build configuration list for PBXNativeTarget "CLLocation_Demo" */;
			buildPhases = (
				18120E071F282D2900DB28C4 /* Sources */,
				18120E081F282D2900DB28C4 /* Frameworks */,
				18120E091F282D2900DB28C4 /* Resources */,
			);
			buildRules = (
			);
			dependencies = (
			);
			name = CLLocation_Demo;
			productName = CLLocation_Demo;
			productReference = 18120E0B1F282D2900DB28C4 /* CLLocation_Demo.app */;
			productType = "com.apple.product-type.application";
		};
/* End PBXNativeTarget section */

/* Begin PBXProject section */
		18120E031F282D2900DB28C4 /* Project object */ = {
			isa = PBXProject;
			attributes = {
				LastUpgradeCheck = 0820;
				ORGANIZATIONNAME = "仝兴伟";
				TargetAttributes = {
					18120E0A1F282D2900DB28C4 = {
						CreatedOnToolsVersion = 8.2;
						DevelopmentTeam = 4K4UX9PEKL;
						ProvisioningStyle = Automatic;
						SystemCapabilities = {
							com.apple.Maps.Mac = {
								enabled = 0;
							};
						};
					};
				};
			};
			buildConfigurationList = 18120E061F282D2900DB28C4 /* Build configuration list for PBXProject "CLLocation_Demo" */;
			compatibilityVersion = "Xcode 3.2";
			developmentRegion = English;
			hasScannedForEncodings = 0;
			knownRegions = (
				en,
				Base,
			);
			mainGroup = 18120E021F282D2900DB28C4;
			productRefGroup = 18120E0C1F282D2900DB28C4 /* Products */;
			projectDirPath = "";
			projectRoot = "";
			targets = (
				18120E0A1F282D2900DB28C4 /* CLLocation_Demo */,
			);
		};
/* End PBXProject section */

/* Begin PBXResourcesBuildPhase section */
		18120E091F282D2900DB28C4 /* Resources */ = {
			isa = PBXResourcesBuildPhase;
			buildActionMask = 2147483647;
			files = (
				18120E181F282D2900DB28C4 /* Assets.xcassets in Resources */,
				18120E1B1F282D2900DB28C4 /* Main.storyboard in Resources */,
			);
			runOnlyForDeploymentPostprocessing = 0;
		};
/* End PBXResourcesBuildPhase section */

/* Begin PBXSourcesBuildPhase section */
		18120E071F282D2900DB28C4 /* Sources */ = {
			isa = PBXSourcesBuildPhase;
			buildActionMask = 2147483647;
			files = (
				18120E871F2877A400DB28C4 /* LocationInterface.m in Sources */,
				18120E161F282D2900DB28C4 /* ViewController.m in Sources */,
				18120E131F282D2900DB28C4 /* main.m in Sources */,
				18120E101F282D2900DB28C4 /* AppDelegate.m in Sources */,
			);
			runOnlyForDeploymentPostprocessing = 0;
		};
/* End PBXSourcesBuildPhase section */

/* Begin PBXVariantGroup section */
		18120E191F282D2900DB28C4 /* Main.storyboard */ = {
			isa = PBXVariantGroup;
			children = (
				18120E1A1F282D2900DB28C4 /* Base */,
			);
			name = Main.storyboard;
			sourceTree = "<group>";
		};
/* End PBXVariantGroup section */

/* Begin XCBuildConfiguration section */
		18120E1D1F282D2900DB28C4 /* Debug */ = {
			isa = XCBuildConfiguration;
			buildSettings = {
				ALWAYS_SEARCH_USER_PATHS = NO;
				CLANG_ANALYZER_NONNULL = YES;
				CLANG_CXX_LANGUAGE_STANDARD = "gnu++0x";
				CLANG_CXX_LIBRARY = "libc++";
				CLANG_ENABLE_MODULES = YES;
				CLANG_ENABLE_OBJC_ARC = YES;
				CLANG_WARN_BOOL_CONVERSION = YES;
				CLANG_WARN_CONSTANT_CONVERSION = YES;
				CLANG_WARN_DIRECT_OBJC_ISA_USAGE = YES_ERROR;
				CLANG_WARN_DOCUMENTATION_COMMENTS = YES;
				CLANG_WARN_EMPTY_BODY = YES;
				CLANG_WARN_ENUM_CONVERSION = YES;
				CLANG_WARN_INFINITE_RECURSION = YES;
				CLANG_WARN_INT_CONVERSION = YES;
				CLANG_WARN_OBJC_ROOT_CLASS = YES_ERROR;
				CLANG_WARN_SUSPICIOUS_MOVE = YES;
				CLANG_WARN_UNREACHABLE_CODE = YES;
				CLANG_WARN__DUPLICATE_METHOD_MATCH = YES;
				CODE_SIGN_IDENTITY = "-";
				COPY_PHASE_STRIP = NO;
				DEBUG_INFORMATION_FORMAT = dwarf;
				ENABLE_STRICT_OBJC_MSGSEND = YES;
				ENABLE_TESTABILITY = YES;
				GCC_C_LANGUAGE_STANDARD = gnu99;
				GCC_DYNAMIC_NO_PIC = NO;
				GCC_NO_COMMON_BLOCKS = YES;
				GCC_OPTIMIZATION_LEVEL = 0;
				GCC_PREPROCESSOR_DEFINITIONS = (
					"DEBUG=1",
					"$(inherited)",
				);
				GCC_WARN_64_TO_32_BIT_CONVERSION = YES;
				GCC_WARN_ABOUT_RETURN_TYPE = YES_ERROR;
				GCC_WARN_UNDECLARED_SELECTOR = YES;
				GCC_WARN_UNINITIALIZED_AUTOS = YES_AGGRESSIVE;
				GCC_WARN_UNUSED_FUNCTION = YES;
				GCC_WARN_UNUSED_VARIABLE = YES;
				MACOSX_DEPLOYMENT_TARGET = 10.12;
				MTL_ENABLE_DEBUG_INFO = YES;
				ONLY_ACTIVE_ARCH = YES;
				SDKROOT = macosx;
			};
			name = Debug;
		};
		18120E1E1F282D2900DB28C4 /* Release */ = {
			isa = XCBuildConfiguration;
			buildSettings = {
				ALWAYS_SEARCH_USER_PATHS = NO;
				CLANG_ANALYZER_NONNULL = YES;
				CLANG_CXX_LANGUAGE_STANDARD = "gnu++0x";
				CLANG_CXX_LIBRARY = "libc++";
				CLANG_ENABLE_MODULES = YES;
				CLANG_ENABLE_OBJC_ARC = YES;
				CLANG_WARN_BOOL_CONVERSION = YES;
				CLANG_WARN_CONSTANT_CONVERSION = YES;
				CLANG_WARN_DIRECT_OBJC_ISA_USAGE = YES_ERROR;
				CLANG_WARN_DOCUMENTATION_COMMENTS = YES;
				CLANG_WARN_EMPTY_BODY = YES;
				CLANG_WARN_ENUM_CONVERSION = YES;
				CLANG_WARN_INFINITE_RECURSION = YES;
				CLANG_WARN_INT_CONVERSION = YES;
				CLANG_WARN_OBJC_ROOT_CLASS = YES_ERROR;
				CLANG_WARN_SUSPICIOUS_MOVE = YES;
				CLANG_WARN_UNREACHABLE_CODE = YES;
				CLANG_WARN__DUPLICATE_METHOD_MATCH = YES;
				CODE_SIGN_IDENTITY = "-";
				COPY_PHASE_STRIP = NO;
				DEBUG_INFORMATION_FORMAT = "dwarf-with-dsym";
				ENABLE_NS_ASSERTIONS = NO;
				ENABLE_STRICT_OBJC_MSGSEND = YES;
				GCC_C_LANGUAGE_STANDARD = gnu99;
				GCC_NO_COMMON_BLOCKS = YES;
				GCC_WARN_64_TO_32_BIT_CONVERSION = YES;
				GCC_WARN_ABOUT_RETURN_TYPE = YES_ERROR;
				GCC_WARN_UNDECLARED_SELECTOR = YES;
				GCC_WARN_UNINITIALIZED_AUTOS = YES_AGGRESSIVE;
				GCC_WARN_UNUSED_FUNCTION = YES;
				GCC_WARN_UNUSED_VARIABLE = YES;
				MACOSX_DEPLOYMENT_TARGET = 10.12;
				MTL_ENABLE_DEBUG_INFO = NO;
				SDKROOT = macosx;
			};
			name = Release;
		};
		18120E201F282D2900DB28C4 /* Debug */ = {
			isa = XCBuildConfiguration;
			buildSettings = {
				ASSETCATALOG_COMPILER_APPICON_NAME = AppIcon;
				COMBINE_HIDPI_IMAGES = YES;
				DEVELOPMENT_TEAM = 4K4UX9PEKL;
				INFOPLIST_FILE = CLLocation_Demo/Info.plist;
				LD_RUNPATH_SEARCH_PATHS = "$(inherited) @executable_path/../Frameworks";
				PRODUCT_BUNDLE_IDENTIFIER = "cloudscreen.CLLocation-Demo";
				PRODUCT_NAME = "$(TARGET_NAME)";
			};
			name = Debug;
		};
		18120E211F282D2900DB28C4 /* Release */ = {
			isa = XCBuildConfiguration;
			buildSettings = {
				ASSETCATALOG_COMPILER_APPICON_NAME = AppIcon;
				COMBINE_HIDPI_IMAGES = YES;
				DEVELOPMENT_TEAM = 4K4UX9PEKL;
				INFOPLIST_FILE = CLLocation_Demo/Info.plist;
				LD_RUNPATH_SEARCH_PATHS = "$(inherited) @executable_path/../Frameworks";
				PRODUCT_BUNDLE_IDENTIFIER = "cloudscreen.CLLocation-Demo";
				PRODUCT_NAME = "$(TARGET_NAME)";
			};
			name = Release;
		};
/* End XCBuildConfiguration section */

/* Begin XCConfigurationList section */
		18120E061F282D2900DB28C4 /* Build configuration list for PBXProject "CLLocation_Demo" */ = {
			isa = XCConfigurationList;
			buildConfigurations = (
				18120E1D1F282D2900DB28C4 /* Debug */,
				18120E1E1F282D2900DB28C4 /* Release */,
			);
			defaultConfigurationIsVisible = 0;
			defaultConfigurationName = Release;
		};
		18120E1F1F282D2900DB28C4 /* Build configuration list for PBXNativeTarget "CLLocation_Demo" */ = {
			isa = XCConfigurationList;
			buildConfigurations = (
				18120E201F282D2900DB28C4 /* Debug */,
				18120E211F282D2900DB28C4 /* Release */,
			);
			defaultConfigurationIsVisible = 0;
			defaultConfigurationName = Release;
		};
/* End XCConfigurationList section */
	};
	rootObject = 18120E031F282D2900DB28C4 /* Project object */;
}
